
Microsoft Visual Studio Solution File, Format Version 12.00
# Visual Studio 15
VisualStudioVersion = 15.0.28307.572
MinimumVisualStudioVersion = 10.0.40219.1
Project("{FAE04EC0-301F-11D3-BF4B-00C04F79EFBC}") = "Roulette", "Roulette\Roulette.csproj", "{F19B24C1-D0A3-42D7-B8CD-A08C92E11798}"
EndProject
Global
	GlobalSection(SolutionConfigurationPlatforms) = preSolution
		Debug|Any CPU = Debug|Any CPU
		Release|Any CPU = Release|Any CPU
	EndGlobalSection
	GlobalSection(ProjectConfigurationPlatforms) = postSolution
		{F19B24C1-D0A3-42D7-B8CD-A08C92E11798}.Debug|Any CPU.ActiveCfg = Debug|Any CPU
		{F19B24C1-D0A3-42D7-B8CD-A08C92E11798}.Debug|Any CPU.Build.0 = Debug|Any CPU
		{F19B24C1-D0A3-42D7-B8CD-A08C92E11798}.Release|Any CPU.ActiveCfg = Release|Any CPU
		{F19B24C1-D0A3-42D7-B8CD-A08C92E11798}.Release|Any CPU.Build.0 = Release|Any CPU
	EndGlobalSection
	GlobalSection(SolutionProperties) = preSolution
		HideSolutionNode = FALSE
	EndGlobalSection
	GlobalSection(ExtensibilityGlobals) = postSolution
		SolutionGuid = {81BCE74F-B1B1-4C09-9D6B-885CE99BC59E}
	EndGlobalSection
EndGlobal
